
Microsoft Visual Studio Solution File, Format Version 12.00
# Visual Studio Version 17
VisualStudioVersion = 17.13.35931.197 d17.13
MinimumVisualStudioVersion = 10.0.40219.1
Project("{FAE04EC0-301F-11D3-BF4B-00C04F79EFBC}") = "AttendanceSystem.API", "AttendanceSystem.API\AttendanceSystem.API.csproj", "{4C6529AF-823B-4724-8450-78205255B304}"
EndProject
Project("{FAE04EC0-301F-11D3-BF4B-00C04F79EFBC}") = "AttendanceSystem.Web", "AttendanceSystem.Web\AttendanceSystem.Web.csproj", "{CD6EF0BF-7217-4F65-8375-65281430D3B1}"
EndProject
Project("{FAE04EC0-301F-11D3-BF4B-00C04F79EFBC}") = "AttendanceSystem.Business", "AttendanceSystem.Business\AttendanceSystem.Business.csproj", "{4FE7ADF6-32FB-4F78-A7B6-68A783024778}"
EndProject
Project("{FAE04EC0-301F-11D3-BF4B-00C04F79EFBC}") = "AttendanceSystem.Data", "AttendanceSystem.Data\AttendanceSystem.Data.csproj", "{E7B43D1C-A80B-4A02-ACB2-C928121A32E7}"
EndProject
Global
	GlobalSection(SolutionConfigurationPlatforms) = preSolution
		Debug|Any CPU = Debug|Any CPU
		Release|Any CPU = Release|Any CPU
	EndGlobalSection
	GlobalSection(ProjectConfigurationPlatforms) = postSolution
		{4C6529AF-823B-4724-8450-78205255B304}.Debug|Any CPU.ActiveCfg = Debug|Any CPU
		{4C6529AF-823B-4724-8450-78205255B304}.Debug|Any CPU.Build.0 = Debug|Any CPU
		{4C6529AF-823B-4724-8450-78205255B304}.Release|Any CPU.ActiveCfg = Release|Any CPU
		{4C6529AF-823B-4724-8450-78205255B304}.Release|Any CPU.Build.0 = Release|Any CPU
		{CD6EF0BF-7217-4F65-8375-65281430D3B1}.Debug|Any CPU.ActiveCfg = Debug|Any CPU
		{CD6EF0BF-7217-4F65-8375-65281430D3B1}.Debug|Any CPU.Build.0 = Debug|Any CPU
		{CD6EF0BF-7217-4F65-8375-65281430D3B1}.Release|Any CPU.ActiveCfg = Release|Any CPU
		{CD6EF0BF-7217-4F65-8375-65281430D3B1}.Release|Any CPU.Build.0 = Release|Any CPU
		{4FE7ADF6-32FB-4F78-A7B6-68A783024778}.Debug|Any CPU.ActiveCfg = Debug|Any CPU
		{4FE7ADF6-32FB-4F78-A7B6-68A783024778}.Debug|Any CPU.Build.0 = Debug|Any CPU
		{4FE7ADF6-32FB-4F78-A7B6-68A783024778}.Release|Any CPU.ActiveCfg = Release|Any CPU
		{4FE7ADF6-32FB-4F78-A7B6-68A783024778}.Release|Any CPU.Build.0 = Release|Any CPU
		{E7B43D1C-A80B-4A02-ACB2-C928121A32E7}.Debug|Any CPU.ActiveCfg = Debug|Any CPU
		{E7B43D1C-A80B-4A02-ACB2-C928121A32E7}.Debug|Any CPU.Build.0 = Debug|Any CPU
		{E7B43D1C-A80B-4A02-ACB2-C928121A32E7}.Release|Any CPU.ActiveCfg = Release|Any CPU
		{E7B43D1C-A80B-4A02-ACB2-C928121A32E7}.Release|Any CPU.Build.0 = Release|Any CPU
	EndGlobalSection
	GlobalSection(SolutionProperties) = preSolution
		HideSolutionNode = FALSE
	EndGlobalSection
	GlobalSection(ExtensibilityGlobals) = postSolution
		SolutionGuid = {A4B1591C-26EF-474B-A86D-D99B9A52A82E}
	EndGlobalSection
EndGlobal
